
Microsoft Visual Studio Solution File, Format Version 12.00
# Visual Studio Version 16
VisualStudioVersion = 16.0.29519.87
MinimumVisualStudioVersion = 10.0.40219.1
Project("{9A19103F-16F7-4668-BE54-9A1E7A4F7556}") = "Library", "Library\Library.csproj", "{5EA5494F-1B09-4130-B8CC-10D414A5859C}"
EndProject
Project("{9A19103F-16F7-4668-BE54-9A1E7A4F7556}") = "LibraryRepository", "LibraryRepository\LibraryRepository.csproj", "{0236F501-5E21-4F47-B7AC-D10641C4F2D1}"
EndProject
Project("{FAE04EC0-301F-11D3-BF4B-00C04F79EFBC}") = "UserOfLibrary", "UserOfLibrary\UserOfLibrary.csproj", "{9E623210-B82F-4B65-8AF2-DA5BA36F5157}"
EndProject
Global
	GlobalSection(SolutionConfigurationPlatforms) = preSolution
		Debug|Any CPU = Debug|Any CPU
		Release|Any CPU = Release|Any CPU
	EndGlobalSection
	GlobalSection(ProjectConfigurationPlatforms) = postSolution
		{5EA5494F-1B09-4130-B8CC-10D414A5859C}.Debug|Any CPU.ActiveCfg = Debug|Any CPU
		{5EA5494F-1B09-4130-B8CC-10D414A5859C}.Debug|Any CPU.Build.0 = Debug|Any CPU
		{5EA5494F-1B09-4130-B8CC-10D414A5859C}.Release|Any CPU.ActiveCfg = Release|Any CPU
		{5EA5494F-1B09-4130-B8CC-10D414A5859C}.Release|Any CPU.Build.0 = Release|Any CPU
		{0236F501-5E21-4F47-B7AC-D10641C4F2D1}.Debug|Any CPU.ActiveCfg = Debug|Any CPU
		{0236F501-5E21-4F47-B7AC-D10641C4F2D1}.Debug|Any CPU.Build.0 = Debug|Any CPU
		{0236F501-5E21-4F47-B7AC-D10641C4F2D1}.Release|Any CPU.ActiveCfg = Release|Any CPU
		{0236F501-5E21-4F47-B7AC-D10641C4F2D1}.Release|Any CPU.Build.0 = Release|Any CPU
		{9E623210-B82F-4B65-8AF2-DA5BA36F5157}.Debug|Any CPU.ActiveCfg = Debug|Any CPU
		{9E623210-B82F-4B65-8AF2-DA5BA36F5157}.Debug|Any CPU.Build.0 = Debug|Any CPU
		{9E623210-B82F-4B65-8AF2-DA5BA36F5157}.Release|Any CPU.ActiveCfg = Release|Any CPU
		{9E623210-B82F-4B65-8AF2-DA5BA36F5157}.Release|Any CPU.Build.0 = Release|Any CPU
	EndGlobalSection
	GlobalSection(SolutionProperties) = preSolution
		HideSolutionNode = FALSE
	EndGlobalSection
	GlobalSection(ExtensibilityGlobals) = postSolution
		SolutionGuid = {4100AEDC-63E4-4FFF-B149-BCD023CBCBAE}
	EndGlobalSection
EndGlobal
